// !$*UTF8*$!
{
	archiveVersion = 1;
	classes = {
	};
	objectVersion = 46;
	objects = {

/* Begin PBXBuildFile section */
		55DD40AB1C00093700E35713 /* AppDelegate.m in Sources */ = {isa = PBXBuildFile; fileRef = 55DD40AA1C00093700E35713 /* AppDelegate.m */; };
		55DD40AE1C00093700E35713 /* main.m in Sources */ = {isa = PBXBuildFile; fileRef = 55DD40AD1C00093700E35713 /* main.m */; };
		55DD40B11C00093700E35713 /* FEXViewController.m in Sources */ = {isa = PBXBuildFile; fileRef = 55DD40B01C00093700E35713 /* FEXViewController.m */; };
		55DD40B31C00093700E35713 /* Assets.xcassets in Resources */ = {isa = PBXBuildFile; fileRef = 55DD40B21C00093700E35713 /* Assets.xcassets */; };
		55DD40B61C00093700E35713 /* Main.storyboard in Resources */ = {isa = PBXBuildFile; fileRef = 55DD40B41C00093700E35713 /* Main.storyboard */; };
		55DD40C71C000B4600E35713 /* UKFileWatcher.m in Sources */ = {isa = PBXBuildFile; fileRef = 55DD40BE1C000B4500E35713 /* UKFileWatcher.m */; settings = {COMPILER_FLAGS = "-fno-objc-arc"; }; };
		55DD40C81C000B4600E35713 /* UKKQueue.m in Sources */ = {isa = PBXBuildFile; fileRef = 55DD40C01C000B4500E35713 /* UKKQueue.m */; settings = {COMPILER_FLAGS = "-fno-objc-arc"; }; };
		55DD40C91C000B4600E35713 /* UKMainThreadProxy.m in Sources */ = {isa = PBXBuildFile; fileRef = 55DD40C21C000B4500E35713 /* UKMainThreadProxy.m */; settings = {COMPILER_FLAGS = "-fno-objc-arc"; }; };
		55DD40CA1C000B4600E35713 /* UKPushbackMessenger.m in Sources */ = {isa = PBXBuildFile; fileRef = 55DD40C41C000B4600E35713 /* UKPushbackMessenger.m */; settings = {COMPILER_FLAGS = "-fno-objc-arc"; }; };
		55DD40CB1C000B4600E35713 /* UKThreadMessenger.m in Sources */ = {isa = PBXBuildFile; fileRef = 55DD40C61C000B4600E35713 /* UKThreadMessenger.m */; settings = {COMPILER_FLAGS = "-fno-objc-arc"; }; };
/* End PBXBuildFile section */

/* Begin PBXFileReference section */
		55DD40A61C00093700E35713 /* FileExplorer.app */ = {isa = PBXFileReference; explicitFileType = wrapper.application; includeInIndex = 0; path = FileExplorer.app; sourceTree = BUILT_PRODUCTS_DIR; };
		55DD40A91C00093700E35713 /* AppDelegate.h */ = {isa = PBXFileReference; lastKnownFileType = sourcecode.c.h; path = AppDelegate.h; sourceTree = "<group>"; };
		55DD40AA1C00093700E35713 /* AppDelegate.m */ = {isa = PBXFileReference; lastKnownFileType = sourcecode.c.objc; path = AppDelegate.m; sourceTree = "<group>"; };
		55DD40AD1C00093700E35713 /* main.m */ = {isa = PBXFileReference; lastKnownFileType = sourcecode.c.objc; path = main.m; sourceTree = "<group>"; };
		55DD40AF1C00093700E35713 /* FEXViewController.h */ = {isa = PBXFileReference; lastKnownFileType = sourcecode.c.h; path = FEXViewController.h; sourceTree = "<group>"; };
		55DD40B01C00093700E35713 /* FEXViewController.m */ = {isa = PBXFileReference; lastKnownFileType = sourcecode.c.objc; path = FEXViewController.m; sourceTree = "<group>"; };
		55DD40B21C00093700E35713 /* Assets.xcassets */ = {isa = PBXFileReference; lastKnownFileType = folder.assetcatalog; path = Assets.xcassets; sourceTree = "<group>"; };
		55DD40B51C00093700E35713 /* Base */ = {isa = PBXFileReference; lastKnownFileType = file.storyboard; name = Base; path = Base.lproj/Main.storyboard; sourceTree = "<group>"; };
		55DD40B71C00093700E35713 /* Info.plist */ = {isa = PBXFileReference; lastKnownFileType = text.plist.xml; path = Info.plist; sourceTree = "<group>"; };
		55DD40BD1C000B4500E35713 /* UKFileWatcher.h */ = {isa = PBXFileReference; fileEncoding = 4; lastKnownFileType = sourcecode.c.h; name = UKFileWatcher.h; path = UKFileWatcher/UKFileWatcher.h; sourceTree = SOURCE_ROOT; };
		55DD40BE1C000B4500E35713 /* UKFileWatcher.m */ = {isa = PBXFileReference; fileEncoding = 4; lastKnownFileType = sourcecode.c.objc; name = UKFileWatcher.m; path = UKFileWatcher/UKFileWatcher.m; sourceTree = SOURCE_ROOT; };
		55DD40BF1C000B4500E35713 /* UKKQueue.h */ = {isa = PBXFileReference; fileEncoding = 4; lastKnownFileType = sourcecode.c.h; name = UKKQueue.h; path = UKFileWatcher/UKKQueue.h; sourceTree = SOURCE_ROOT; };
		55DD40C01C000B4500E35713 /* UKKQueue.m */ = {isa = PBXFileReference; fileEncoding = 4; lastKnownFileType = sourcecode.c.objc; name = UKKQueue.m; path = UKFileWatcher/UKKQueue.m; sourceTree = SOURCE_ROOT; };
		55DD40C11C000B4500E35713 /* UKMainThreadProxy.h */ = {isa = PBXFileReference; fileEncoding = 4; lastKnownFileType = sourcecode.c.h; name = UKMainThreadProxy.h; path = UKFileWatcher/ULIProxies/UKMainThreadProxy.h; sourceTree = SOURCE_ROOT; };
		55DD40C21C000B4500E35713 /* UKMainThreadProxy.m */ = {isa = PBXFileReference; fileEncoding = 4; lastKnownFileType = sourcecode.c.objc; name = UKMainThreadProxy.m; path = UKFileWatcher/ULIProxies/UKMainThreadProxy.m; sourceTree = SOURCE_ROOT; };
		55DD40C31C000B4500E35713 /* UKPushbackMessenger.h */ = {isa = PBXFileReference; fileEncoding = 4; lastKnownFileType = sourcecode.c.h; name = UKPushbackMessenger.h; path = UKFileWatcher/ULIProxies/UKPushbackMessenger.h; sourceTree = SOURCE_ROOT; };
		55DD40C41C000B4600E35713 /* UKPushbackMessenger.m */ = {isa = PBXFileReference; fileEncoding = 4; lastKnownFileType = sourcecode.c.objc; name = UKPushbackMessenger.m; path = UKFileWatcher/ULIProxies/UKPushbackMessenger.m; sourceTree = SOURCE_ROOT; };
		55DD40C51C000B4600E35713 /* UKThreadMessenger.h */ = {isa = PBXFileReference; fileEncoding = 4; lastKnownFileType = sourcecode.c.h; name = UKThreadMessenger.h; path = UKFileWatcher/ULIProxies/UKThreadMessenger.h; sourceTree = SOURCE_ROOT; };
		55DD40C61C000B4600E35713 /* UKThreadMessenger.m */ = {isa = PBXFileReference; fileEncoding = 4; lastKnownFileType = sourcecode.c.objc; name = UKThreadMessenger.m; path = UKFileWatcher/ULIProxies/UKThreadMessenger.m; sourceTree = SOURCE_ROOT; };
/* End PBXFileReference section */

/* Begin PBXFrameworksBuildPhase section */
		55DD40A31C00093700E35713 /* Frameworks */ = {
			isa = PBXFrameworksBuildPhase;
			buildActionMask = 2147483647;
			files = (
			);
			runOnlyForDeploymentPostprocessing = 0;
		};
/* End PBXFrameworksBuildPhase section */

/* Begin PBXGroup section */
		55DD409D1C00093700E35713 = {
			isa = PBXGroup;
			children = (
				55DD40A81C00093700E35713 /* FileExplorer */,
				55DD40A71C00093700E35713 /* Products */,
			);
			sourceTree = "<group>";
		};
		55DD40A71C00093700E35713 /* Products */ = {
			isa = PBXGroup;
			children = (
				55DD40A61C00093700E35713 /* FileExplorer.app */,
			);
			name = Products;
			sourceTree = "<group>";
		};
		55DD40A81C00093700E35713 /* FileExplorer */ = {
			isa = PBXGroup;
			children = (
				55DD40A91C00093700E35713 /* AppDelegate.h */,
				55DD40AA1C00093700E35713 /* AppDelegate.m */,
				55DD40AF1C00093700E35713 /* FEXViewController.h */,
				55DD40B01C00093700E35713 /* FEXViewController.m */,
				55DD40B21C00093700E35713 /* Assets.xcassets */,
				55DD40B41C00093700E35713 /* Main.storyboard */,
				55DD40B71C00093700E35713 /* Info.plist */,
				55DD40CC1C000B4E00E35713 /* UKKQueue */,
				55DD40AC1C00093700E35713 /* Supporting Files */,
			);
			path = FileExplorer;
			sourceTree = "<group>";
		};
		55DD40AC1C00093700E35713 /* Supporting Files */ = {
			isa = PBXGroup;
			children = (
				55DD40AD1C00093700E35713 /* main.m */,
			);
			name = "Supporting Files";
			sourceTree = "<group>";
		};
		55DD40CC1C000B4E00E35713 /* UKKQueue */ = {
			isa = PBXGroup;
			children = (
				55DD40BD1C000B4500E35713 /* UKFileWatcher.h */,
				55DD40BE1C000B4500E35713 /* UKFileWatcher.m */,
				55DD40BF1C000B4500E35713 /* UKKQueue.h */,
				55DD40C01C000B4500E35713 /* UKKQueue.m */,
				55DD40C11C000B4500E35713 /* UKMainThreadProxy.h */,
				55DD40C21C000B4500E35713 /* UKMainThreadProxy.m */,
				55DD40C31C000B4500E35713 /* UKPushbackMessenger.h */,
				55DD40C41C000B4600E35713 /* UKPushbackMessenger.m */,
				55DD40C51C000B4600E35713 /* UKThreadMessenger.h */,
				55DD40C61C000B4600E35713 /* UKThreadMessenger.m */,
			);
			name = UKKQueue;
			sourceTree = "<group>";
		};
/* End PBXGroup section */

/* Begin PBXNativeTarget section */
		55DD40A51C00093700E35713 /* FileExplorer */ = {
			isa = PBXNativeTarget;
			buildConfigurationList = 55DD40BA1C00093700E35713 /* Build configuration list for PBXNativeTarget "FileExplorer" */;
			buildPhases = (
				55DD40A21C00093700E35713 /* Sources */,
				55DD40A31C00093700E35713 /* Frameworks */,
				55DD40A41C00093700E35713 /* Resources */,
			);
			buildRules = (
			);
			dependencies = (
			);
			name = FileExplorer;
			productName = FileExplorer;
			productReference = 55DD40A61C00093700E35713 /* FileExplorer.app */;
			productType = "com.apple.product-type.application";
		};
/* End PBXNativeTarget section */

/* Begin PBXProject section */
		55DD409E1C00093700E35713 /* Project object */ = {
			isa = PBXProject;
			attributes = {
				LastUpgradeCheck = 0710;
				ORGANIZATIONNAME = "Uli Kusterer";
				TargetAttributes = {
					55DD40A51C00093700E35713 = {
						CreatedOnToolsVersion = 7.1.1;
					};
				};
			};
			buildConfigurationList = 55DD40A11C00093700E35713 /* Build configuration list for PBXProject "FileExplorer" */;
			compatibilityVersion = "Xcode 3.2";
			developmentRegion = English;
			hasScannedForEncodings = 0;
			knownRegions = (
				en,
				Base,
			);
			mainGroup = 55DD409D1C00093700E35713;
			productRefGroup = 55DD40A71C00093700E35713 /* Products */;
			projectDirPath = "";
			projectRoot = "";
			targets = (
				55DD40A51C00093700E35713 /* FileExplorer */,
			);
		};
/* End PBXProject section */

/* Begin PBXResourcesBuildPhase section */
		55DD40A41C00093700E35713 /* Resources */ = {
			isa = PBXResourcesBuildPhase;
			buildActionMask = 2147483647;
			files = (
				55DD40B31C00093700E35713 /* Assets.xcassets in Resources */,
				55DD40B61C00093700E35713 /* Main.storyboard in Resources */,
			);
			runOnlyForDeploymentPostprocessing = 0;
		};
/* End PBXResourcesBuildPhase section */

/* Begin PBXSourcesBuildPhase section */
		55DD40A21C00093700E35713 /* Sources */ = {
			isa = PBXSourcesBuildPhase;
			buildActionMask = 2147483647;
			files = (
				55DD40C71C000B4600E35713 /* UKFileWatcher.m in Sources */,
				55DD40B11C00093700E35713 /* FEXViewController.m in Sources */,
				55DD40AE1C00093700E35713 /* main.m in Sources */,
				55DD40AB1C00093700E35713 /* AppDelegate.m in Sources */,
				55DD40C81C000B4600E35713 /* UKKQueue.m in Sources */,
				55DD40CA1C000B4600E35713 /* UKPushbackMessenger.m in Sources */,
				55DD40C91C000B4600E35713 /* UKMainThreadProxy.m in Sources */,
				55DD40CB1C000B4600E35713 /* UKThreadMessenger.m in Sources */,
			);
			runOnlyForDeploymentPostprocessing = 0;
		};
/* End PBXSourcesBuildPhase section */

/* Begin PBXVariantGroup section */
		55DD40B41C00093700E35713 /* Main.storyboard */ = {
			isa = PBXVariantGroup;
			children = (
				55DD40B51C00093700E35713 /* Base */,
			);
			name = Main.storyboard;
			sourceTree = "<group>";
		};
/* End PBXVariantGroup section */

/* Begin XCBuildConfiguration section */
		55DD40B81C00093700E35713 /* Debug */ = {
			isa = XCBuildConfiguration;
			buildSettings = {
				ALWAYS_SEARCH_USER_PATHS = NO;
				CLANG_CXX_LANGUAGE_STANDARD = "gnu++0x";
				CLANG_CXX_LIBRARY = "libc++";
				CLANG_ENABLE_MODULES = YES;
				CLANG_ENABLE_OBJC_ARC = YES;
				CLANG_WARN_BOOL_CONVERSION = YES;
				CLANG_WARN_CONSTANT_CONVERSION = YES;
				CLANG_WARN_DIRECT_OBJC_ISA_USAGE = YES_ERROR;
				CLANG_WARN_EMPTY_BODY = YES;
				CLANG_WARN_ENUM_CONVERSION = YES;
				CLANG_WARN_INT_CONVERSION = YES;
				CLANG_WARN_OBJC_ROOT_CLASS = YES_ERROR;
				CLANG_WARN_UNREACHABLE_CODE = YES;
				CLANG_WARN__DUPLICATE_METHOD_MATCH = YES;
				CODE_SIGN_IDENTITY = "-";
				COPY_PHASE_STRIP = NO;
				DEBUG_INFORMATION_FORMAT = dwarf;
				ENABLE_STRICT_OBJC_MSGSEND = YES;
				ENABLE_TESTABILITY = YES;
				GCC_C_LANGUAGE_STANDARD = gnu99;
				GCC_DYNAMIC_NO_PIC = NO;
				GCC_NO_COMMON_BLOCKS = YES;
				GCC_OPTIMIZATION_LEVEL = 0;
				GCC_PREPROCESSOR_DEFINITIONS = (
					"DEBUG=1",
					"$(inherited)",
				);
				GCC_WARN_64_TO_32_BIT_CONVERSION = YES;
				GCC_WARN_ABOUT_RETURN_TYPE = YES_ERROR;
				GCC_WARN_UNDECLARED_SELECTOR = YES;
				GCC_WARN_UNINITIALIZED_AUTOS = YES_AGGRESSIVE;
				GCC_WARN_UNUSED_FUNCTION = YES;
				GCC_WARN_UNUSED_VARIABLE = YES;
				MACOSX_DEPLOYMENT_TARGET = 10.11;
				MTL_ENABLE_DEBUG_INFO = YES;
				ONLY_ACTIVE_ARCH = YES;
				SDKROOT = macosx;
			};
			name = Debug;
		};
		55DD40B91C00093700E35713 /* Release */ = {
			isa = XCBuildConfiguration;
			buildSettings = {
				ALWAYS_SEARCH_USER_PATHS = NO;
				CLANG_CXX_LANGUAGE_STANDARD = "gnu++0x";
				CLANG_CXX_LIBRARY = "libc++";
				CLANG_ENABLE_MODULES = YES;
				CLANG_ENABLE_OBJC_ARC = YES;
				CLANG_WARN_BOOL_CONVERSION = YES;
				CLANG_WARN_CONSTANT_CONVERSION = YES;
				CLANG_WARN_DIRECT_OBJC_ISA_USAGE = YES_ERROR;
				CLANG_WARN_EMPTY_BODY = YES;
				CLANG_WARN_ENUM_CONVERSION = YES;
				CLANG_WARN_INT_CONVERSION = YES;
				CLANG_WARN_OBJC_ROOT_CLASS = YES_ERROR;
				CLANG_WARN_UNREACHABLE_CODE = YES;
				CLANG_WARN__DUPLICATE_METHOD_MATCH = YES;
				CODE_SIGN_IDENTITY = "-";
				COPY_PHASE_STRIP = NO;
				DEBUG_INFORMATION_FORMAT = "dwarf-with-dsym";
				ENABLE_NS_ASSERTIONS = NO;
				ENABLE_STRICT_OBJC_MSGSEND = YES;
				GCC_C_LANGUAGE_STANDARD = gnu99;
				GCC_NO_COMMON_BLOCKS = YES;
				GCC_WARN_64_TO_32_BIT_CONVERSION = YES;
				GCC_WARN_ABOUT_RETURN_TYPE = YES_ERROR;
				GCC_WARN_UNDECLARED_SELECTOR = YES;
				GCC_WARN_UNINITIALIZED_AUTOS = YES_AGGRESSIVE;
				GCC_WARN_UNUSED_FUNCTION = YES;
				GCC_WARN_UNUSED_VARIABLE = YES;
				MACOSX_DEPLOYMENT_TARGET = 10.11;
				MTL_ENABLE_DEBUG_INFO = NO;
				SDKROOT = macosx;
			};
			name = Release;
		};
		55DD40BB1C00093700E35713 /* Debug */ = {
			isa = XCBuildConfiguration;
			buildSettings = {
				ASSETCATALOG_COMPILER_APPICON_NAME = AppIcon;
				COMBINE_HIDPI_IMAGES = YES;
				INFOPLIST_FILE = FileExplorer/Info.plist;
				LD_RUNPATH_SEARCH_PATHS = "$(inherited) @executable_path/../Frameworks";
				PRODUCT_BUNDLE_IDENTIFIER = com.thevoidsoftware.FileExplorer;
				PRODUCT_NAME = "$(TARGET_NAME)";
			};
			name = Debug;
		};
		55DD40BC1C00093700E35713 /* Release */ = {
			isa = XCBuildConfiguration;
			buildSettings = {
				ASSETCATALOG_COMPILER_APPICON_NAME = AppIcon;
				COMBINE_HIDPI_IMAGES = YES;
				INFOPLIST_FILE = FileExplorer/Info.plist;
				LD_RUNPATH_SEARCH_PATHS = "$(inherited) @executable_path/../Frameworks";
				PRODUCT_BUNDLE_IDENTIFIER = com.thevoidsoftware.FileExplorer;
				PRODUCT_NAME = "$(TARGET_NAME)";
			};
			name = Release;
		};
/* End XCBuildConfiguration section */

/* Begin XCConfigurationList section */
		55DD40A11C00093700E35713 /* Build configuration list for PBXProject "FileExplorer" */ = {
			isa = XCConfigurationList;
			buildConfigurations = (
				55DD40B81C00093700E35713 /* Debug */,
				55DD40B91C00093700E35713 /* Release */,
			);
			defaultConfigurationIsVisible = 0;
			defaultConfigurationName = Release;
		};
		55DD40BA1C00093700E35713 /* Build configuration list for PBXNativeTarget "FileExplorer" */ = {
			isa = XCConfigurationList;
			buildConfigurations = (
				55DD40BB1C00093700E35713 /* Debug */,
				55DD40BC1C00093700E35713 /* Release */,
			);
			defaultConfigurationIsVisible = 0;
		};
/* End XCConfigurationList section */
	};
	rootObject = 55DD409E1C00093700E35713 /* Project object */;
}
